
Microsoft Visual Studio Solution File, Format Version 12.00
# Visual Studio Version 17
VisualStudioVersion = 17.0.32112.339
MinimumVisualStudioVersion = 10.0.40219.1
Project("{FAE04EC0-301F-11D3-BF4B-00C04F79EFBC}") = "WindowsFormsApp1", "WindowsFormsApp1\WindowsFormsApp1.csproj", "{388077C1-FC61-4785-90A0-D2BD8D272C25}"
EndProject
Global
	GlobalSection(SolutionConfigurationPlatforms) = preSolution
		Debug|Any CPU = Debug|Any CPU
		Release|Any CPU = Release|Any CPU
	EndGlobalSection
	GlobalSection(ProjectConfigurationPlatforms) = postSolution
		{388077C1-FC61-4785-90A0-D2BD8D272C25}.Debug|Any CPU.ActiveCfg = Debug|Any CPU
		{388077C1-FC61-4785-90A0-D2BD8D272C25}.Debug|Any CPU.Build.0 = Debug|Any CPU
		{388077C1-FC61-4785-90A0-D2BD8D272C25}.Release|Any CPU.ActiveCfg = Release|Any CPU
		{388077C1-FC61-4785-90A0-D2BD8D272C25}.Release|Any CPU.Build.0 = Release|Any CPU
	EndGlobalSection
	GlobalSection(SolutionProperties) = preSolution
		HideSolutionNode = FALSE
	EndGlobalSection
	GlobalSection(ExtensibilityGlobals) = postSolution
		SolutionGuid = {F06B1C60-98E1-40A8-9BDF-783D7F4B83CE}
	EndGlobalSection
EndGlobal
